
Microsoft Visual Studio Solution File, Format Version 12.00
# Visual Studio 15
VisualStudioVersion = 15.0.27428.2043
MinimumVisualStudioVersion = 10.0.40219.1
Project("{FAE04EC0-301F-11D3-BF4B-00C04F79EFBC}") = "Enliven.Android", "Enliven\Enliven.Android\Enliven.Android.csproj", "{5F85F89C-4C19-4B8D-8B66-516A21F049F8}"
EndProject
Project("{FAE04EC0-301F-11D3-BF4B-00C04F79EFBC}") = "Enliven.iOS", "Enliven\Enliven.iOS\Enliven.iOS.csproj", "{70E1B8EE-7DC0-4521-9558-E1B1393D671D}"
EndProject
Project("{FAE04EC0-301F-11D3-BF4B-00C04F79EFBC}") = "Enliven.UWP", "Enliven\Enliven.UWP\Enliven.UWP.csproj", "{D67EACA3-8800-4E59-AD2A-9E3ED5C59933}"
EndProject
Project("{D954291E-2A0B-460D-934E-DC6B0785DB48}") = "Enliven", "Enliven\Enliven\Enliven.shproj", "{D4C4E896-E203-43E0-9D7C-DD2D8FD15AAC}"
EndProject
Global
	GlobalSection(SharedMSBuildProjectFiles) = preSolution
		Enliven\Enliven\Enliven.projitems*{5f85f89c-4c19-4b8d-8b66-516a21f049f8}*SharedItemsImports = 4
		Enliven\Enliven\Enliven.projitems*{70e1b8ee-7dc0-4521-9558-e1b1393d671d}*SharedItemsImports = 4
		Enliven\Enliven\Enliven.projitems*{d4c4e896-e203-43e0-9d7c-dd2d8fd15aac}*SharedItemsImports = 13
		Enliven\Enliven\Enliven.projitems*{d67eaca3-8800-4e59-ad2a-9e3ed5c59933}*SharedItemsImports = 4
	EndGlobalSection
	GlobalSection(SolutionConfigurationPlatforms) = preSolution
		Ad-Hoc|Any CPU = Ad-Hoc|Any CPU
		Ad-Hoc|ARM = Ad-Hoc|ARM
		Ad-Hoc|iPhone = Ad-Hoc|iPhone
		Ad-Hoc|iPhoneSimulator = Ad-Hoc|iPhoneSimulator
		Ad-Hoc|x64 = Ad-Hoc|x64
		Ad-Hoc|x86 = Ad-Hoc|x86
		AppStore|Any CPU = AppStore|Any CPU
		AppStore|ARM = AppStore|ARM
		AppStore|iPhone = AppStore|iPhone
		AppStore|iPhoneSimulator = AppStore|iPhoneSimulator
		AppStore|x64 = AppStore|x64
		AppStore|x86 = AppStore|x86
		Debug|Any CPU = Debug|Any CPU
		Debug|ARM = Debug|ARM
		Debug|iPhone = Debug|iPhone
		Debug|iPhoneSimulator = Debug|iPhoneSimulator
		Debug|x64 = Debug|x64
		Debug|x86 = Debug|x86
		Release|Any CPU = Release|Any CPU
		Release|ARM = Release|ARM
		Release|iPhone = Release|iPhone
		Release|iPhoneSimulator = Release|iPhoneSimulator
		Release|x64 = Release|x64
		Release|x86 = Release|x86
	EndGlobalSection
	GlobalSection(ProjectConfigurationPlatforms) = postSolution
		{5F85F89C-4C19-4B8D-8B66-516A21F049F8}.Ad-Hoc|Any CPU.ActiveCfg = Release|Any CPU
		{5F85F89C-4C19-4B8D-8B66-516A21F049F8}.Ad-Hoc|Any CPU.Build.0 = Release|Any CPU
		{5F85F89C-4C19-4B8D-8B66-516A21F049F8}.Ad-Hoc|Any CPU.Deploy.0 = Release|Any CPU
		{5F85F89C-4C19-4B8D-8B66-516A21F049F8}.Ad-Hoc|ARM.ActiveCfg = Release|Any CPU
		{5F85F89C-4C19-4B8D-8B66-516A21F049F8}.Ad-Hoc|ARM.Build.0 = Release|Any CPU
		{5F85F89C-4C19-4B8D-8B66-516A21F049F8}.Ad-Hoc|ARM.Deploy.0 = Release|Any CPU
		{5F85F89C-4C19-4B8D-8B66-516A21F049F8}.Ad-Hoc|iPhone.ActiveCfg = Release|Any CPU
		{5F85F89C-4C19-4B8D-8B66-516A21F049F8}.Ad-Hoc|iPhone.Build.0 = Release|Any CPU
		{5F85F89C-4C19-4B8D-8B66-516A21F049F8}.Ad-Hoc|iPhone.Deploy.0 = Release|Any CPU
		{5F85F89C-4C19-4B8D-8B66-516A21F049F8}.Ad-Hoc|iPhoneSimulator.ActiveCfg = Release|Any CPU
		{5F85F89C-4C19-4B8D-8B66-516A21F049F8}.Ad-Hoc|iPhoneSimulator.Build.0 = Release|Any CPU
		{5F85F89C-4C19-4B8D-8B66-516A21F049F8}.Ad-Hoc|iPhoneSimulator.Deploy.0 = Release|Any CPU
		{5F85F89C-4C19-4B8D-8B66-516A21F049F8}.Ad-Hoc|x64.ActiveCfg = Release|Any CPU
		{5F85F89C-4C19-4B8D-8B66-516A21F049F8}.Ad-Hoc|x64.Build.0 = Release|Any CPU
		{5F85F89C-4C19-4B8D-8B66-516A21F049F8}.Ad-Hoc|x64.Deploy.0 = Release|Any CPU
		{5F85F89C-4C19-4B8D-8B66-516A21F049F8}.Ad-Hoc|x86.ActiveCfg = Release|Any CPU
		{5F85F89C-4C19-4B8D-8B66-516A21F049F8}.Ad-Hoc|x86.Build.0 = Release|Any CPU
		{5F85F89C-4C19-4B8D-8B66-516A21F049F8}.Ad-Hoc|x86.Deploy.0 = Release|Any CPU
		{5F85F89C-4C19-4B8D-8B66-516A21F049F8}.AppStore|Any CPU.ActiveCfg = Release|Any CPU
		{5F85F89C-4C19-4B8D-8B66-516A21F049F8}.AppStore|Any CPU.Build.0 = Release|Any CPU
		{5F85F89C-4C19-4B8D-8B66-516A21F049F8}.AppStore|Any CPU.Deploy.0 = Release|Any CPU
		{5F85F89C-4C19-4B8D-8B66-516A21F049F8}.AppStore|ARM.ActiveCfg = Release|Any CPU
		{5F85F89C-4C19-4B8D-8B66-516A21F049F8}.AppStore|ARM.Build.0 = Release|Any CPU
		{5F85F89C-4C19-4B8D-8B66-516A21F049F8}.AppStore|ARM.Deploy.0 = Release|Any CPU
		{5F85F89C-4C19-4B8D-8B66-516A21F049F8}.AppStore|iPhone.ActiveCfg = Release|Any CPU
		{5F85F89C-4C19-4B8D-8B66-516A21F049F8}.AppStore|iPhone.Build.0 = Release|Any CPU
		{5F85F89C-4C19-4B8D-8B66-516A21F049F8}.AppStore|iPhone.Deploy.0 = Release|Any CPU
		{5F85F89C-4C19-4B8D-8B66-516A21F049F8}.AppStore|iPhoneSimulator.ActiveCfg = Release|Any CPU
		{5F85F89C-4C19-4B8D-8B66-516A21F049F8}.AppStore|iPhoneSimulator.Build.0 = Release|Any CPU
		{5F85F89C-4C19-4B8D-8B66-516A21F049F8}.AppStore|iPhoneSimulator.Deploy.0 = Release|Any CPU
		{5F85F89C-4C19-4B8D-8B66-516A21F049F8}.AppStore|x64.ActiveCfg = Release|Any CPU
		{5F85F89C-4C19-4B8D-8B66-516A21F049F8}.AppStore|x64.Build.0 = Release|Any CPU
		{5F85F89C-4C19-4B8D-8B66-516A21F049F8}.AppStore|x64.Deploy.0 = Release|Any CPU
		{5F85F89C-4C19-4B8D-8B66-516A21F049F8}.AppStore|x86.ActiveCfg = Release|Any CPU
		{5F85F89C-4C19-4B8D-8B66-516A21F049F8}.AppStore|x86.Build.0 = Release|Any CPU
		{5F85F89C-4C19-4B8D-8B66-516A21F049F8}.AppStore|x86.Deploy.0 = Release|Any CPU
		{5F85F89C-4C19-4B8D-8B66-516A21F049F8}.Debug|Any CPU.ActiveCfg = Debug|Any CPU
		{5F85F89C-4C19-4B8D-8B66-516A21F049F8}.Debug|Any CPU.Build.0 = Debug|Any CPU
		{5F85F89C-4C19-4B8D-8B66-516A21F049F8}.Debug|Any CPU.Deploy.0 = Debug|Any CPU
		{5F85F89C-4C19-4B8D-8B66-516A21F049F8}.Debug|ARM.ActiveCfg = Debug|Any CPU
		{5F85F89C-4C19-4B8D-8B66-516A21F049F8}.Debug|ARM.Build.0 = Debug|Any CPU
		{5F85F89C-4C19-4B8D-8B66-516A21F049F8}.Debug|ARM.Deploy.0 = Debug|Any CPU
		{5F85F89C-4C19-4B8D-8B66-516A21F049F8}.Debug|iPhone.ActiveCfg = Debug|Any CPU
		{5F85F89C-4C19-4B8D-8B66-516A21F049F8}.Debug|iPhone.Build.0 = Debug|Any CPU
		{5F85F89C-4C19-4B8D-8B66-516A21F049F8}.Debug|iPhone.Deploy.0 = Debug|Any CPU
		{5F85F89C-4C19-4B8D-8B66-516A21F049F8}.Debug|iPhoneSimulator.ActiveCfg = Debug|Any CPU
		{5F85F89C-4C19-4B8D-8B66-516A21F049F8}.Debug|iPhoneSimulator.Build.0 = Debug|Any CPU
		{5F85F89C-4C19-4B8D-8B66-516A21F049F8}.Debug|iPhoneSimulator.Deploy.0 = Debug|Any CPU
		{5F85F89C-4C19-4B8D-8B66-516A21F049F8}.Debug|x64.ActiveCfg = Debug|Any CPU
		{5F85F89C-4C19-4B8D-8B66-516A21F049F8}.Debug|x64.Build.0 = Debug|Any CPU
		{5F85F89C-4C19-4B8D-8B66-516A21F049F8}.Debug|x64.Deploy.0 = Debug|Any CPU
		{5F85F89C-4C19-4B8D-8B66-516A21F049F8}.Debug|x86.ActiveCfg = Debug|Any CPU
		{5F85F89C-4C19-4B8D-8B66-516A21F049F8}.Debug|x86.Build.0 = Debug|Any CPU
		{5F85F89C-4C19-4B8D-8B66-516A21F049F8}.Debug|x86.Deploy.0 = Debug|Any CPU
		{5F85F89C-4C19-4B8D-8B66-516A21F049F8}.Release|Any CPU.ActiveCfg = Release|Any CPU
		{5F85F89C-4C19-4B8D-8B66-516A21F049F8}.Release|Any CPU.Build.0 = Release|Any CPU
		{5F85F89C-4C19-4B8D-8B66-516A21F049F8}.Release|Any CPU.Deploy.0 = Release|Any CPU
		{5F85F89C-4C19-4B8D-8B66-516A21F049F8}.Release|ARM.ActiveCfg = Release|Any CPU
		{5F85F89C-4C19-4B8D-8B66-516A21F049F8}.Release|ARM.Build.0 = Release|Any CPU
		{5F85F89C-4C19-4B8D-8B66-516A21F049F8}.Release|ARM.Deploy.0 = Release|Any CPU
		{5F85F89C-4C19-4B8D-8B66-516A21F049F8}.Release|iPhone.ActiveCfg = Release|Any CPU
		{5F85F89C-4C19-4B8D-8B66-516A21F049F8}.Release|iPhone.Build.0 = Release|Any CPU
		{5F85F89C-4C19-4B8D-8B66-516A21F049F8}.Release|iPhone.Deploy.0 = Release|Any CPU
		{5F85F89C-4C19-4B8D-8B66-516A21F049F8}.Release|iPhoneSimulator.ActiveCfg = Release|Any CPU
		{5F85F89C-4C19-4B8D-8B66-516A21F049F8}.Release|iPhoneSimulator.Build.0 = Release|Any CPU
		{5F85F89C-4C19-4B8D-8B66-516A21F049F8}.Release|iPhoneSimulator.Deploy.0 = Release|Any CPU
		{5F85F89C-4C19-4B8D-8B66-516A21F049F8}.Release|x64.ActiveCfg = Release|Any CPU
		{5F85F89C-4C19-4B8D-8B66-516A21F049F8}.Release|x64.Build.0 = Release|Any CPU
		{5F85F89C-4C19-4B8D-8B66-516A21F049F8}.Release|x64.Deploy.0 = Release|Any CPU
		{5F85F89C-4C19-4B8D-8B66-516A21F049F8}.Release|x86.ActiveCfg = Release|Any CPU
		{5F85F89C-4C19-4B8D-8B66-516A21F049F8}.Release|x86.Build.0 = Release|Any CPU
		{5F85F89C-4C19-4B8D-8B66-516A21F049F8}.Release|x86.Deploy.0 = Release|Any CPU
		{70E1B8EE-7DC0-4521-9558-E1B1393D671D}.Ad-Hoc|Any CPU.ActiveCfg = Ad-Hoc|iPhone
		{70E1B8EE-7DC0-4521-9558-E1B1393D671D}.Ad-Hoc|ARM.ActiveCfg = Ad-Hoc|iPhone
		{70E1B8EE-7DC0-4521-9558-E1B1393D671D}.Ad-Hoc|iPhone.ActiveCfg = Ad-Hoc|iPhone
		{70E1B8EE-7DC0-4521-9558-E1B1393D671D}.Ad-Hoc|iPhone.Build.0 = Ad-Hoc|iPhone
		{70E1B8EE-7DC0-4521-9558-E1B1393D671D}.Ad-Hoc|iPhoneSimulator.ActiveCfg = Ad-Hoc|iPhoneSimulator
		{70E1B8EE-7DC0-4521-9558-E1B1393D671D}.Ad-Hoc|iPhoneSimulator.Build.0 = Ad-Hoc|iPhoneSimulator
		{70E1B8EE-7DC0-4521-9558-E1B1393D671D}.Ad-Hoc|x64.ActiveCfg = Ad-Hoc|iPhone
		{70E1B8EE-7DC0-4521-9558-E1B1393D671D}.Ad-Hoc|x86.ActiveCfg = Ad-Hoc|iPhone
		{70E1B8EE-7DC0-4521-9558-E1B1393D671D}.AppStore|Any CPU.ActiveCfg = AppStore|iPhone
		{70E1B8EE-7DC0-4521-9558-E1B1393D671D}.AppStore|ARM.ActiveCfg = AppStore|iPhone
		{70E1B8EE-7DC0-4521-9558-E1B1393D671D}.AppStore|iPhone.ActiveCfg = AppStore|iPhone
		{70E1B8EE-7DC0-4521-9558-E1B1393D671D}.AppStore|iPhone.Build.0 = AppStore|iPhone
		{70E1B8EE-7DC0-4521-9558-E1B1393D671D}.AppStore|iPhoneSimulator.ActiveCfg = AppStore|iPhoneSimulator
		{70E1B8EE-7DC0-4521-9558-E1B1393D671D}.AppStore|iPhoneSimulator.Build.0 = AppStore|iPhoneSimulator
		{70E1B8EE-7DC0-4521-9558-E1B1393D671D}.AppStore|x64.ActiveCfg = AppStore|iPhone
		{70E1B8EE-7DC0-4521-9558-E1B1393D671D}.AppStore|x86.ActiveCfg = AppStore|iPhone
		{70E1B8EE-7DC0-4521-9558-E1B1393D671D}.Debug|Any CPU.ActiveCfg = Debug|iPhone
		{70E1B8EE-7DC0-4521-9558-E1B1393D671D}.Debug|ARM.ActiveCfg = Debug|iPhone
		{70E1B8EE-7DC0-4521-9558-E1B1393D671D}.Debug|iPhone.ActiveCfg = Debug|iPhone
		{70E1B8EE-7DC0-4521-9558-E1B1393D671D}.Debug|iPhone.Build.0 = Debug|iPhone
		{70E1B8EE-7DC0-4521-9558-E1B1393D671D}.Debug|iPhoneSimulator.ActiveCfg = Debug|iPhoneSimulator
		{70E1B8EE-7DC0-4521-9558-E1B1393D671D}.Debug|iPhoneSimulator.Build.0 = Debug|iPhoneSimulator
		{70E1B8EE-7DC0-4521-9558-E1B1393D671D}.Debug|x64.ActiveCfg = Debug|iPhone
		{70E1B8EE-7DC0-4521-9558-E1B1393D671D}.Debug|x86.ActiveCfg = Debug|iPhone
		{70E1B8EE-7DC0-4521-9558-E1B1393D671D}.Release|Any CPU.ActiveCfg = Release|iPhone
		{70E1B8EE-7DC0-4521-9558-E1B1393D671D}.Release|ARM.ActiveCfg = Release|iPhone
		{70E1B8EE-7DC0-4521-9558-E1B1393D671D}.Release|iPhone.ActiveCfg = Release|iPhone
		{70E1B8EE-7DC0-4521-9558-E1B1393D671D}.Release|iPhone.Build.0 = Release|iPhone
		{70E1B8EE-7DC0-4521-9558-E1B1393D671D}.Release|iPhoneSimulator.ActiveCfg = Release|iPhoneSimulator
		{70E1B8EE-7DC0-4521-9558-E1B1393D671D}.Release|iPhoneSimulator.Build.0 = Release|iPhoneSimulator
		{70E1B8EE-7DC0-4521-9558-E1B1393D671D}.Release|x64.ActiveCfg = Release|iPhone
		{70E1B8EE-7DC0-4521-9558-E1B1393D671D}.Release|x86.ActiveCfg = Release|iPhone
		{D67EACA3-8800-4E59-AD2A-9E3ED5C59933}.Ad-Hoc|Any CPU.ActiveCfg = Release|x86
		{D67EACA3-8800-4E59-AD2A-9E3ED5C59933}.Ad-Hoc|Any CPU.Build.0 = Release|x86
		{D67EACA3-8800-4E59-AD2A-9E3ED5C59933}.Ad-Hoc|Any CPU.Deploy.0 = Release|x86
		{D67EACA3-8800-4E59-AD2A-9E3ED5C59933}.Ad-Hoc|ARM.ActiveCfg = Release|ARM
		{D67EACA3-8800-4E59-AD2A-9E3ED5C59933}.Ad-Hoc|ARM.Build.0 = Release|ARM
		{D67EACA3-8800-4E59-AD2A-9E3ED5C59933}.Ad-Hoc|ARM.Deploy.0 = Release|ARM
		{D67EACA3-8800-4E59-AD2A-9E3ED5C59933}.Ad-Hoc|iPhone.ActiveCfg = Release|x86
		{D67EACA3-8800-4E59-AD2A-9E3ED5C59933}.Ad-Hoc|iPhone.Build.0 = Release|x86
		{D67EACA3-8800-4E59-AD2A-9E3ED5C59933}.Ad-Hoc|iPhone.Deploy.0 = Release|x86
		{D67EACA3-8800-4E59-AD2A-9E3ED5C59933}.Ad-Hoc|iPhoneSimulator.ActiveCfg = Release|x86
		{D67EACA3-8800-4E59-AD2A-9E3ED5C59933}.Ad-Hoc|iPhoneSimulator.Build.0 = Release|x86
		{D67EACA3-8800-4E59-AD2A-9E3ED5C59933}.Ad-Hoc|iPhoneSimulator.Deploy.0 = Release|x86
		{D67EACA3-8800-4E59-AD2A-9E3ED5C59933}.Ad-Hoc|x64.ActiveCfg = Release|x64
		{D67EACA3-8800-4E59-AD2A-9E3ED5C59933}.Ad-Hoc|x64.Build.0 = Release|x64
		{D67EACA3-8800-4E59-AD2A-9E3ED5C59933}.Ad-Hoc|x64.Deploy.0 = Release|x64
		{D67EACA3-8800-4E59-AD2A-9E3ED5C59933}.Ad-Hoc|x86.ActiveCfg = Release|x86
		{D67EACA3-8800-4E59-AD2A-9E3ED5C59933}.Ad-Hoc|x86.Build.0 = Release|x86
		{D67EACA3-8800-4E59-AD2A-9E3ED5C59933}.Ad-Hoc|x86.Deploy.0 = Release|x86
		{D67EACA3-8800-4E59-AD2A-9E3ED5C59933}.AppStore|Any CPU.ActiveCfg = Release|x86
		{D67EACA3-8800-4E59-AD2A-9E3ED5C59933}.AppStore|Any CPU.Build.0 = Release|x86
		{D67EACA3-8800-4E59-AD2A-9E3ED5C59933}.AppStore|Any CPU.Deploy.0 = Release|x86
		{D67EACA3-8800-4E59-AD2A-9E3ED5C59933}.AppStore|ARM.ActiveCfg = Release|ARM
		{D67EACA3-8800-4E59-AD2A-9E3ED5C59933}.AppStore|ARM.Build.0 = Release|ARM
		{D67EACA3-8800-4E59-AD2A-9E3ED5C59933}.AppStore|ARM.Deploy.0 = Release|ARM
		{D67EACA3-8800-4E59-AD2A-9E3ED5C59933}.AppStore|iPhone.ActiveCfg = Release|x86
		{D67EACA3-8800-4E59-AD2A-9E3ED5C59933}.AppStore|iPhone.Build.0 = Release|x86
		{D67EACA3-8800-4E59-AD2A-9E3ED5C59933}.AppStore|iPhone.Deploy.0 = Release|x86
		{D67EACA3-8800-4E59-AD2A-9E3ED5C59933}.AppStore|iPhoneSimulator.ActiveCfg = Release|x86
		{D67EACA3-8800-4E59-AD2A-9E3ED5C59933}.AppStore|iPhoneSimulator.Build.0 = Release|x86
		{D67EACA3-8800-4E59-AD2A-9E3ED5C59933}.AppStore|iPhoneSimulator.Deploy.0 = Release|x86
		{D67EACA3-8800-4E59-AD2A-9E3ED5C59933}.AppStore|x64.ActiveCfg = Release|x64
		{D67EACA3-8800-4E59-AD2A-9E3ED5C59933}.AppStore|x64.Build.0 = Release|x64
		{D67EACA3-8800-4E59-AD2A-9E3ED5C59933}.AppStore|x64.Deploy.0 = Release|x64
		{D67EACA3-8800-4E59-AD2A-9E3ED5C59933}.AppStore|x86.ActiveCfg = Release|x86
		{D67EACA3-8800-4E59-AD2A-9E3ED5C59933}.AppStore|x86.Build.0 = Release|x86
		{D67EACA3-8800-4E59-AD2A-9E3ED5C59933}.AppStore|x86.Deploy.0 = Release|x86
		{D67EACA3-8800-4E59-AD2A-9E3ED5C59933}.Debug|Any CPU.ActiveCfg = Debug|x86
		{D67EACA3-8800-4E59-AD2A-9E3ED5C59933}.Debug|ARM.ActiveCfg = Debug|ARM
		{D67EACA3-8800-4E59-AD2A-9E3ED5C59933}.Debug|ARM.Build.0 = Debug|ARM
		{D67EACA3-8800-4E59-AD2A-9E3ED5C59933}.Debug|ARM.Deploy.0 = Debug|ARM
		{D67EACA3-8800-4E59-AD2A-9E3ED5C59933}.Debug|iPhone.ActiveCfg = Debug|x86
		{D67EACA3-8800-4E59-AD2A-9E3ED5C59933}.Debug|iPhoneSimulator.ActiveCfg = Debug|x86
		{D67EACA3-8800-4E59-AD2A-9E3ED5C59933}.Debug|x64.ActiveCfg = Debug|x64
		{D67EACA3-8800-4E59-AD2A-9E3ED5C59933}.Debug|x64.Build.0 = Debug|x64
		{D67EACA3-8800-4E59-AD2A-9E3ED5C59933}.Debug|x64.Deploy.0 = Debug|x64
		{D67EACA3-8800-4E59-AD2A-9E3ED5C59933}.Debug|x86.ActiveCfg = Debug|x86
		{D67EACA3-8800-4E59-AD2A-9E3ED5C59933}.Debug|x86.Build.0 = Debug|x86
		{D67EACA3-8800-4E59-AD2A-9E3ED5C59933}.Debug|x86.Deploy.0 = Debug|x86
		{D67EACA3-8800-4E59-AD2A-9E3ED5C59933}.Release|Any CPU.ActiveCfg = Release|x86
		{D67EACA3-8800-4E59-AD2A-9E3ED5C59933}.Release|ARM.ActiveCfg = Release|ARM
		{D67EACA3-8800-4E59-AD2A-9E3ED5C59933}.Release|ARM.Build.0 = Release|ARM
		{D67EACA3-8800-4E59-AD2A-9E3ED5C59933}.Release|ARM.Deploy.0 = Release|ARM
		{D67EACA3-8800-4E59-AD2A-9E3ED5C59933}.Release|iPhone.ActiveCfg = Release|x86
		{D67EACA3-8800-4E59-AD2A-9E3ED5C59933}.Release|iPhoneSimulator.ActiveCfg = Release|x86
		{D67EACA3-8800-4E59-AD2A-9E3ED5C59933}.Release|x64.ActiveCfg = Release|x64
		{D67EACA3-8800-4E59-AD2A-9E3ED5C59933}.Release|x64.Build.0 = Release|x64
		{D67EACA3-8800-4E59-AD2A-9E3ED5C59933}.Release|x64.Deploy.0 = Release|x64
		{D67EACA3-8800-4E59-AD2A-9E3ED5C59933}.Release|x86.ActiveCfg = Release|x86
		{D67EACA3-8800-4E59-AD2A-9E3ED5C59933}.Release|x86.Build.0 = Release|x86
		{D67EACA3-8800-4E59-AD2A-9E3ED5C59933}.Release|x86.Deploy.0 = Release|x86
	EndGlobalSection
	GlobalSection(SolutionProperties) = preSolution
		HideSolutionNode = FALSE
	EndGlobalSection
	GlobalSection(ExtensibilityGlobals) = postSolution
		SolutionGuid = {5D3FF856-7847-4E3D-81E4-7ADC665983D6}
	EndGlobalSection
EndGlobal
