
Microsoft Visual Studio Solution File, Format Version 12.00
# Visual Studio 15
VisualStudioVersion = 15.0.27428.2043
MinimumVisualStudioVersion = 10.0.40219.1
Project("{FAE04EC0-301F-11D3-BF4B-00C04F79EFBC}") = "Phone.Android", "Phone\Phone.Android\Phone.Android.csproj", "{0F7E8D93-6881-4C05-9706-D9D8D621BDDC}"
EndProject
Project("{FAE04EC0-301F-11D3-BF4B-00C04F79EFBC}") = "Phone.iOS", "Phone\Phone.iOS\Phone.iOS.csproj", "{881FC6B0-E2F0-4483-9957-DD9F2443D4CA}"
EndProject
Project("{FAE04EC0-301F-11D3-BF4B-00C04F79EFBC}") = "Phone.UWP", "Phone\Phone.UWP\Phone.UWP.csproj", "{86BA7827-0E38-48BB-B428-BF0FD5A12D0F}"
EndProject
Project("{D954291E-2A0B-460D-934E-DC6B0785DB48}") = "Phone", "Phone\Phone\Phone.shproj", "{F92E682E-7EC4-4255-97EB-2B197A944DFD}"
EndProject
Global
	GlobalSection(SharedMSBuildProjectFiles) = preSolution
		Phone\Phone\Phone.projitems*{0f7e8d93-6881-4c05-9706-d9d8d621bddc}*SharedItemsImports = 4
		Phone\Phone\Phone.projitems*{86ba7827-0e38-48bb-b428-bf0fd5a12d0f}*SharedItemsImports = 4
		Phone\Phone\Phone.projitems*{881fc6b0-e2f0-4483-9957-dd9f2443d4ca}*SharedItemsImports = 4
		Phone\Phone\Phone.projitems*{f92e682e-7ec4-4255-97eb-2b197a944dfd}*SharedItemsImports = 13
	EndGlobalSection
	GlobalSection(SolutionConfigurationPlatforms) = preSolution
		Ad-Hoc|Any CPU = Ad-Hoc|Any CPU
		Ad-Hoc|ARM = Ad-Hoc|ARM
		Ad-Hoc|iPhone = Ad-Hoc|iPhone
		Ad-Hoc|iPhoneSimulator = Ad-Hoc|iPhoneSimulator
		Ad-Hoc|x64 = Ad-Hoc|x64
		Ad-Hoc|x86 = Ad-Hoc|x86
		AppStore|Any CPU = AppStore|Any CPU
		AppStore|ARM = AppStore|ARM
		AppStore|iPhone = AppStore|iPhone
		AppStore|iPhoneSimulator = AppStore|iPhoneSimulator
		AppStore|x64 = AppStore|x64
		AppStore|x86 = AppStore|x86
		Debug|Any CPU = Debug|Any CPU
		Debug|ARM = Debug|ARM
		Debug|iPhone = Debug|iPhone
		Debug|iPhoneSimulator = Debug|iPhoneSimulator
		Debug|x64 = Debug|x64
		Debug|x86 = Debug|x86
		Release|Any CPU = Release|Any CPU
		Release|ARM = Release|ARM
		Release|iPhone = Release|iPhone
		Release|iPhoneSimulator = Release|iPhoneSimulator
		Release|x64 = Release|x64
		Release|x86 = Release|x86
	EndGlobalSection
	GlobalSection(ProjectConfigurationPlatforms) = postSolution
		{0F7E8D93-6881-4C05-9706-D9D8D621BDDC}.Ad-Hoc|Any CPU.ActiveCfg = Release|Any CPU
		{0F7E8D93-6881-4C05-9706-D9D8D621BDDC}.Ad-Hoc|Any CPU.Build.0 = Release|Any CPU
		{0F7E8D93-6881-4C05-9706-D9D8D621BDDC}.Ad-Hoc|Any CPU.Deploy.0 = Release|Any CPU
		{0F7E8D93-6881-4C05-9706-D9D8D621BDDC}.Ad-Hoc|ARM.ActiveCfg = Release|Any CPU
		{0F7E8D93-6881-4C05-9706-D9D8D621BDDC}.Ad-Hoc|ARM.Build.0 = Release|Any CPU
		{0F7E8D93-6881-4C05-9706-D9D8D621BDDC}.Ad-Hoc|ARM.Deploy.0 = Release|Any CPU
		{0F7E8D93-6881-4C05-9706-D9D8D621BDDC}.Ad-Hoc|iPhone.ActiveCfg = Release|Any CPU
		{0F7E8D93-6881-4C05-9706-D9D8D621BDDC}.Ad-Hoc|iPhone.Build.0 = Release|Any CPU
		{0F7E8D93-6881-4C05-9706-D9D8D621BDDC}.Ad-Hoc|iPhone.Deploy.0 = Release|Any CPU
		{0F7E8D93-6881-4C05-9706-D9D8D621BDDC}.Ad-Hoc|iPhoneSimulator.ActiveCfg = Release|Any CPU
		{0F7E8D93-6881-4C05-9706-D9D8D621BDDC}.Ad-Hoc|iPhoneSimulator.Build.0 = Release|Any CPU
		{0F7E8D93-6881-4C05-9706-D9D8D621BDDC}.Ad-Hoc|iPhoneSimulator.Deploy.0 = Release|Any CPU
		{0F7E8D93-6881-4C05-9706-D9D8D621BDDC}.Ad-Hoc|x64.ActiveCfg = Release|Any CPU
		{0F7E8D93-6881-4C05-9706-D9D8D621BDDC}.Ad-Hoc|x64.Build.0 = Release|Any CPU
		{0F7E8D93-6881-4C05-9706-D9D8D621BDDC}.Ad-Hoc|x64.Deploy.0 = Release|Any CPU
		{0F7E8D93-6881-4C05-9706-D9D8D621BDDC}.Ad-Hoc|x86.ActiveCfg = Release|Any CPU
		{0F7E8D93-6881-4C05-9706-D9D8D621BDDC}.Ad-Hoc|x86.Build.0 = Release|Any CPU
		{0F7E8D93-6881-4C05-9706-D9D8D621BDDC}.Ad-Hoc|x86.Deploy.0 = Release|Any CPU
		{0F7E8D93-6881-4C05-9706-D9D8D621BDDC}.AppStore|Any CPU.ActiveCfg = Release|Any CPU
		{0F7E8D93-6881-4C05-9706-D9D8D621BDDC}.AppStore|Any CPU.Build.0 = Release|Any CPU
		{0F7E8D93-6881-4C05-9706-D9D8D621BDDC}.AppStore|Any CPU.Deploy.0 = Release|Any CPU
		{0F7E8D93-6881-4C05-9706-D9D8D621BDDC}.AppStore|ARM.ActiveCfg = Release|Any CPU
		{0F7E8D93-6881-4C05-9706-D9D8D621BDDC}.AppStore|ARM.Build.0 = Release|Any CPU
		{0F7E8D93-6881-4C05-9706-D9D8D621BDDC}.AppStore|ARM.Deploy.0 = Release|Any CPU
		{0F7E8D93-6881-4C05-9706-D9D8D621BDDC}.AppStore|iPhone.ActiveCfg = Release|Any CPU
		{0F7E8D93-6881-4C05-9706-D9D8D621BDDC}.AppStore|iPhone.Build.0 = Release|Any CPU
		{0F7E8D93-6881-4C05-9706-D9D8D621BDDC}.AppStore|iPhone.Deploy.0 = Release|Any CPU
		{0F7E8D93-6881-4C05-9706-D9D8D621BDDC}.AppStore|iPhoneSimulator.ActiveCfg = Release|Any CPU
		{0F7E8D93-6881-4C05-9706-D9D8D621BDDC}.AppStore|iPhoneSimulator.Build.0 = Release|Any CPU
		{0F7E8D93-6881-4C05-9706-D9D8D621BDDC}.AppStore|iPhoneSimulator.Deploy.0 = Release|Any CPU
		{0F7E8D93-6881-4C05-9706-D9D8D621BDDC}.AppStore|x64.ActiveCfg = Release|Any CPU
		{0F7E8D93-6881-4C05-9706-D9D8D621BDDC}.AppStore|x64.Build.0 = Release|Any CPU
		{0F7E8D93-6881-4C05-9706-D9D8D621BDDC}.AppStore|x64.Deploy.0 = Release|Any CPU
		{0F7E8D93-6881-4C05-9706-D9D8D621BDDC}.AppStore|x86.ActiveCfg = Release|Any CPU
		{0F7E8D93-6881-4C05-9706-D9D8D621BDDC}.AppStore|x86.Build.0 = Release|Any CPU
		{0F7E8D93-6881-4C05-9706-D9D8D621BDDC}.AppStore|x86.Deploy.0 = Release|Any CPU
		{0F7E8D93-6881-4C05-9706-D9D8D621BDDC}.Debug|Any CPU.ActiveCfg = Debug|Any CPU
		{0F7E8D93-6881-4C05-9706-D9D8D621BDDC}.Debug|Any CPU.Build.0 = Debug|Any CPU
		{0F7E8D93-6881-4C05-9706-D9D8D621BDDC}.Debug|Any CPU.Deploy.0 = Debug|Any CPU
		{0F7E8D93-6881-4C05-9706-D9D8D621BDDC}.Debug|ARM.ActiveCfg = Debug|Any CPU
		{0F7E8D93-6881-4C05-9706-D9D8D621BDDC}.Debug|ARM.Build.0 = Debug|Any CPU
		{0F7E8D93-6881-4C05-9706-D9D8D621BDDC}.Debug|ARM.Deploy.0 = Debug|Any CPU
		{0F7E8D93-6881-4C05-9706-D9D8D621BDDC}.Debug|iPhone.ActiveCfg = Debug|Any CPU
		{0F7E8D93-6881-4C05-9706-D9D8D621BDDC}.Debug|iPhone.Build.0 = Debug|Any CPU
		{0F7E8D93-6881-4C05-9706-D9D8D621BDDC}.Debug|iPhone.Deploy.0 = Debug|Any CPU
		{0F7E8D93-6881-4C05-9706-D9D8D621BDDC}.Debug|iPhoneSimulator.ActiveCfg = Debug|Any CPU
		{0F7E8D93-6881-4C05-9706-D9D8D621BDDC}.Debug|iPhoneSimulator.Build.0 = Debug|Any CPU
		{0F7E8D93-6881-4C05-9706-D9D8D621BDDC}.Debug|iPhoneSimulator.Deploy.0 = Debug|Any CPU
		{0F7E8D93-6881-4C05-9706-D9D8D621BDDC}.Debug|x64.ActiveCfg = Debug|Any CPU
		{0F7E8D93-6881-4C05-9706-D9D8D621BDDC}.Debug|x64.Build.0 = Debug|Any CPU
		{0F7E8D93-6881-4C05-9706-D9D8D621BDDC}.Debug|x64.Deploy.0 = Debug|Any CPU
		{0F7E8D93-6881-4C05-9706-D9D8D621BDDC}.Debug|x86.ActiveCfg = Debug|Any CPU
		{0F7E8D93-6881-4C05-9706-D9D8D621BDDC}.Debug|x86.Build.0 = Debug|Any CPU
		{0F7E8D93-6881-4C05-9706-D9D8D621BDDC}.Debug|x86.Deploy.0 = Debug|Any CPU
		{0F7E8D93-6881-4C05-9706-D9D8D621BDDC}.Release|Any CPU.ActiveCfg = Release|Any CPU
		{0F7E8D93-6881-4C05-9706-D9D8D621BDDC}.Release|Any CPU.Build.0 = Release|Any CPU
		{0F7E8D93-6881-4C05-9706-D9D8D621BDDC}.Release|Any CPU.Deploy.0 = Release|Any CPU
		{0F7E8D93-6881-4C05-9706-D9D8D621BDDC}.Release|ARM.ActiveCfg = Release|Any CPU
		{0F7E8D93-6881-4C05-9706-D9D8D621BDDC}.Release|ARM.Build.0 = Release|Any CPU
		{0F7E8D93-6881-4C05-9706-D9D8D621BDDC}.Release|ARM.Deploy.0 = Release|Any CPU
		{0F7E8D93-6881-4C05-9706-D9D8D621BDDC}.Release|iPhone.ActiveCfg = Release|Any CPU
		{0F7E8D93-6881-4C05-9706-D9D8D621BDDC}.Release|iPhone.Build.0 = Release|Any CPU
		{0F7E8D93-6881-4C05-9706-D9D8D621BDDC}.Release|iPhone.Deploy.0 = Release|Any CPU
		{0F7E8D93-6881-4C05-9706-D9D8D621BDDC}.Release|iPhoneSimulator.ActiveCfg = Release|Any CPU
		{0F7E8D93-6881-4C05-9706-D9D8D621BDDC}.Release|iPhoneSimulator.Build.0 = Release|Any CPU
		{0F7E8D93-6881-4C05-9706-D9D8D621BDDC}.Release|iPhoneSimulator.Deploy.0 = Release|Any CPU
		{0F7E8D93-6881-4C05-9706-D9D8D621BDDC}.Release|x64.ActiveCfg = Release|Any CPU
		{0F7E8D93-6881-4C05-9706-D9D8D621BDDC}.Release|x64.Build.0 = Release|Any CPU
		{0F7E8D93-6881-4C05-9706-D9D8D621BDDC}.Release|x64.Deploy.0 = Release|Any CPU
		{0F7E8D93-6881-4C05-9706-D9D8D621BDDC}.Release|x86.ActiveCfg = Release|Any CPU
		{0F7E8D93-6881-4C05-9706-D9D8D621BDDC}.Release|x86.Build.0 = Release|Any CPU
		{0F7E8D93-6881-4C05-9706-D9D8D621BDDC}.Release|x86.Deploy.0 = Release|Any CPU
		{881FC6B0-E2F0-4483-9957-DD9F2443D4CA}.Ad-Hoc|Any CPU.ActiveCfg = Ad-Hoc|iPhone
		{881FC6B0-E2F0-4483-9957-DD9F2443D4CA}.Ad-Hoc|ARM.ActiveCfg = Ad-Hoc|iPhone
		{881FC6B0-E2F0-4483-9957-DD9F2443D4CA}.Ad-Hoc|iPhone.ActiveCfg = Ad-Hoc|iPhone
		{881FC6B0-E2F0-4483-9957-DD9F2443D4CA}.Ad-Hoc|iPhone.Build.0 = Ad-Hoc|iPhone
		{881FC6B0-E2F0-4483-9957-DD9F2443D4CA}.Ad-Hoc|iPhoneSimulator.ActiveCfg = Ad-Hoc|iPhoneSimulator
		{881FC6B0-E2F0-4483-9957-DD9F2443D4CA}.Ad-Hoc|iPhoneSimulator.Build.0 = Ad-Hoc|iPhoneSimulator
		{881FC6B0-E2F0-4483-9957-DD9F2443D4CA}.Ad-Hoc|x64.ActiveCfg = Ad-Hoc|iPhone
		{881FC6B0-E2F0-4483-9957-DD9F2443D4CA}.Ad-Hoc|x86.ActiveCfg = Ad-Hoc|iPhone
		{881FC6B0-E2F0-4483-9957-DD9F2443D4CA}.AppStore|Any CPU.ActiveCfg = AppStore|iPhone
		{881FC6B0-E2F0-4483-9957-DD9F2443D4CA}.AppStore|ARM.ActiveCfg = AppStore|iPhone
		{881FC6B0-E2F0-4483-9957-DD9F2443D4CA}.AppStore|iPhone.ActiveCfg = AppStore|iPhone
		{881FC6B0-E2F0-4483-9957-DD9F2443D4CA}.AppStore|iPhone.Build.0 = AppStore|iPhone
		{881FC6B0-E2F0-4483-9957-DD9F2443D4CA}.AppStore|iPhoneSimulator.ActiveCfg = AppStore|iPhoneSimulator
		{881FC6B0-E2F0-4483-9957-DD9F2443D4CA}.AppStore|iPhoneSimulator.Build.0 = AppStore|iPhoneSimulator
		{881FC6B0-E2F0-4483-9957-DD9F2443D4CA}.AppStore|x64.ActiveCfg = AppStore|iPhone
		{881FC6B0-E2F0-4483-9957-DD9F2443D4CA}.AppStore|x86.ActiveCfg = AppStore|iPhone
		{881FC6B0-E2F0-4483-9957-DD9F2443D4CA}.Debug|Any CPU.ActiveCfg = Debug|iPhone
		{881FC6B0-E2F0-4483-9957-DD9F2443D4CA}.Debug|ARM.ActiveCfg = Debug|iPhone
		{881FC6B0-E2F0-4483-9957-DD9F2443D4CA}.Debug|iPhone.ActiveCfg = Debug|iPhone
		{881FC6B0-E2F0-4483-9957-DD9F2443D4CA}.Debug|iPhone.Build.0 = Debug|iPhone
		{881FC6B0-E2F0-4483-9957-DD9F2443D4CA}.Debug|iPhoneSimulator.ActiveCfg = Debug|iPhoneSimulator
		{881FC6B0-E2F0-4483-9957-DD9F2443D4CA}.Debug|iPhoneSimulator.Build.0 = Debug|iPhoneSimulator
		{881FC6B0-E2F0-4483-9957-DD9F2443D4CA}.Debug|x64.ActiveCfg = Debug|iPhone
		{881FC6B0-E2F0-4483-9957-DD9F2443D4CA}.Debug|x86.ActiveCfg = Debug|iPhone
		{881FC6B0-E2F0-4483-9957-DD9F2443D4CA}.Release|Any CPU.ActiveCfg = Release|iPhone
		{881FC6B0-E2F0-4483-9957-DD9F2443D4CA}.Release|ARM.ActiveCfg = Release|iPhone
		{881FC6B0-E2F0-4483-9957-DD9F2443D4CA}.Release|iPhone.ActiveCfg = Release|iPhone
		{881FC6B0-E2F0-4483-9957-DD9F2443D4CA}.Release|iPhone.Build.0 = Release|iPhone
		{881FC6B0-E2F0-4483-9957-DD9F2443D4CA}.Release|iPhoneSimulator.ActiveCfg = Release|iPhoneSimulator
		{881FC6B0-E2F0-4483-9957-DD9F2443D4CA}.Release|iPhoneSimulator.Build.0 = Release|iPhoneSimulator
		{881FC6B0-E2F0-4483-9957-DD9F2443D4CA}.Release|x64.ActiveCfg = Release|iPhone
		{881FC6B0-E2F0-4483-9957-DD9F2443D4CA}.Release|x86.ActiveCfg = Release|iPhone
		{86BA7827-0E38-48BB-B428-BF0FD5A12D0F}.Ad-Hoc|Any CPU.ActiveCfg = Release|x86
		{86BA7827-0E38-48BB-B428-BF0FD5A12D0F}.Ad-Hoc|Any CPU.Build.0 = Release|x86
		{86BA7827-0E38-48BB-B428-BF0FD5A12D0F}.Ad-Hoc|Any CPU.Deploy.0 = Release|x86
		{86BA7827-0E38-48BB-B428-BF0FD5A12D0F}.Ad-Hoc|ARM.ActiveCfg = Release|ARM
		{86BA7827-0E38-48BB-B428-BF0FD5A12D0F}.Ad-Hoc|ARM.Build.0 = Release|ARM
		{86BA7827-0E38-48BB-B428-BF0FD5A12D0F}.Ad-Hoc|ARM.Deploy.0 = Release|ARM
		{86BA7827-0E38-48BB-B428-BF0FD5A12D0F}.Ad-Hoc|iPhone.ActiveCfg = Release|x86
		{86BA7827-0E38-48BB-B428-BF0FD5A12D0F}.Ad-Hoc|iPhone.Build.0 = Release|x86
		{86BA7827-0E38-48BB-B428-BF0FD5A12D0F}.Ad-Hoc|iPhone.Deploy.0 = Release|x86
		{86BA7827-0E38-48BB-B428-BF0FD5A12D0F}.Ad-Hoc|iPhoneSimulator.ActiveCfg = Release|x86
		{86BA7827-0E38-48BB-B428-BF0FD5A12D0F}.Ad-Hoc|iPhoneSimulator.Build.0 = Release|x86
		{86BA7827-0E38-48BB-B428-BF0FD5A12D0F}.Ad-Hoc|iPhoneSimulator.Deploy.0 = Release|x86
		{86BA7827-0E38-48BB-B428-BF0FD5A12D0F}.Ad-Hoc|x64.ActiveCfg = Release|x64
		{86BA7827-0E38-48BB-B428-BF0FD5A12D0F}.Ad-Hoc|x64.Build.0 = Release|x64
		{86BA7827-0E38-48BB-B428-BF0FD5A12D0F}.Ad-Hoc|x64.Deploy.0 = Release|x64
		{86BA7827-0E38-48BB-B428-BF0FD5A12D0F}.Ad-Hoc|x86.ActiveCfg = Release|x86
		{86BA7827-0E38-48BB-B428-BF0FD5A12D0F}.Ad-Hoc|x86.Build.0 = Release|x86
		{86BA7827-0E38-48BB-B428-BF0FD5A12D0F}.Ad-Hoc|x86.Deploy.0 = Release|x86
		{86BA7827-0E38-48BB-B428-BF0FD5A12D0F}.AppStore|Any CPU.ActiveCfg = Release|x86
		{86BA7827-0E38-48BB-B428-BF0FD5A12D0F}.AppStore|Any CPU.Build.0 = Release|x86
		{86BA7827-0E38-48BB-B428-BF0FD5A12D0F}.AppStore|Any CPU.Deploy.0 = Release|x86
		{86BA7827-0E38-48BB-B428-BF0FD5A12D0F}.AppStore|ARM.ActiveCfg = Release|ARM
		{86BA7827-0E38-48BB-B428-BF0FD5A12D0F}.AppStore|ARM.Build.0 = Release|ARM
		{86BA7827-0E38-48BB-B428-BF0FD5A12D0F}.AppStore|ARM.Deploy.0 = Release|ARM
		{86BA7827-0E38-48BB-B428-BF0FD5A12D0F}.AppStore|iPhone.ActiveCfg = Release|x86
		{86BA7827-0E38-48BB-B428-BF0FD5A12D0F}.AppStore|iPhone.Build.0 = Release|x86
		{86BA7827-0E38-48BB-B428-BF0FD5A12D0F}.AppStore|iPhone.Deploy.0 = Release|x86
		{86BA7827-0E38-48BB-B428-BF0FD5A12D0F}.AppStore|iPhoneSimulator.ActiveCfg = Release|x86
		{86BA7827-0E38-48BB-B428-BF0FD5A12D0F}.AppStore|iPhoneSimulator.Build.0 = Release|x86
		{86BA7827-0E38-48BB-B428-BF0FD5A12D0F}.AppStore|iPhoneSimulator.Deploy.0 = Release|x86
		{86BA7827-0E38-48BB-B428-BF0FD5A12D0F}.AppStore|x64.ActiveCfg = Release|x64
		{86BA7827-0E38-48BB-B428-BF0FD5A12D0F}.AppStore|x64.Build.0 = Release|x64
		{86BA7827-0E38-48BB-B428-BF0FD5A12D0F}.AppStore|x64.Deploy.0 = Release|x64
		{86BA7827-0E38-48BB-B428-BF0FD5A12D0F}.AppStore|x86.ActiveCfg = Release|x86
		{86BA7827-0E38-48BB-B428-BF0FD5A12D0F}.AppStore|x86.Build.0 = Release|x86
		{86BA7827-0E38-48BB-B428-BF0FD5A12D0F}.AppStore|x86.Deploy.0 = Release|x86
		{86BA7827-0E38-48BB-B428-BF0FD5A12D0F}.Debug|Any CPU.ActiveCfg = Debug|x86
		{86BA7827-0E38-48BB-B428-BF0FD5A12D0F}.Debug|ARM.ActiveCfg = Debug|ARM
		{86BA7827-0E38-48BB-B428-BF0FD5A12D0F}.Debug|ARM.Build.0 = Debug|ARM
		{86BA7827-0E38-48BB-B428-BF0FD5A12D0F}.Debug|ARM.Deploy.0 = Debug|ARM
		{86BA7827-0E38-48BB-B428-BF0FD5A12D0F}.Debug|iPhone.ActiveCfg = Debug|x86
		{86BA7827-0E38-48BB-B428-BF0FD5A12D0F}.Debug|iPhoneSimulator.ActiveCfg = Debug|x86
		{86BA7827-0E38-48BB-B428-BF0FD5A12D0F}.Debug|x64.ActiveCfg = Debug|x64
		{86BA7827-0E38-48BB-B428-BF0FD5A12D0F}.Debug|x64.Build.0 = Debug|x64
		{86BA7827-0E38-48BB-B428-BF0FD5A12D0F}.Debug|x64.Deploy.0 = Debug|x64
		{86BA7827-0E38-48BB-B428-BF0FD5A12D0F}.Debug|x86.ActiveCfg = Debug|x86
		{86BA7827-0E38-48BB-B428-BF0FD5A12D0F}.Debug|x86.Build.0 = Debug|x86
		{86BA7827-0E38-48BB-B428-BF0FD5A12D0F}.Debug|x86.Deploy.0 = Debug|x86
		{86BA7827-0E38-48BB-B428-BF0FD5A12D0F}.Release|Any CPU.ActiveCfg = Release|x86
		{86BA7827-0E38-48BB-B428-BF0FD5A12D0F}.Release|ARM.ActiveCfg = Release|ARM
		{86BA7827-0E38-48BB-B428-BF0FD5A12D0F}.Release|ARM.Build.0 = Release|ARM
		{86BA7827-0E38-48BB-B428-BF0FD5A12D0F}.Release|ARM.Deploy.0 = Release|ARM
		{86BA7827-0E38-48BB-B428-BF0FD5A12D0F}.Release|iPhone.ActiveCfg = Release|x86
		{86BA7827-0E38-48BB-B428-BF0FD5A12D0F}.Release|iPhoneSimulator.ActiveCfg = Release|x86
		{86BA7827-0E38-48BB-B428-BF0FD5A12D0F}.Release|x64.ActiveCfg = Release|x64
		{86BA7827-0E38-48BB-B428-BF0FD5A12D0F}.Release|x64.Build.0 = Release|x64
		{86BA7827-0E38-48BB-B428-BF0FD5A12D0F}.Release|x64.Deploy.0 = Release|x64
		{86BA7827-0E38-48BB-B428-BF0FD5A12D0F}.Release|x86.ActiveCfg = Release|x86
		{86BA7827-0E38-48BB-B428-BF0FD5A12D0F}.Release|x86.Build.0 = Release|x86
		{86BA7827-0E38-48BB-B428-BF0FD5A12D0F}.Release|x86.Deploy.0 = Release|x86
	EndGlobalSection
	GlobalSection(SolutionProperties) = preSolution
		HideSolutionNode = FALSE
	EndGlobalSection
	GlobalSection(ExtensibilityGlobals) = postSolution
		SolutionGuid = {50498A7E-D542-4DC6-9611-5FFC709DD848}
	EndGlobalSection
EndGlobal
